Microsoft Visual Studio Solution File, Format Version 12.00
# Visual Studio Version 17
VisualStudioVersion = 17.0.31903.59
MinimumVisualStudioVersion = 10.0.40219.1
Project("{F2A71F9B-5D33-465A-A702-920D77279786}") = "ComposedSet", "src\ComposedSet\ComposedSet.fsproj", "{87EF843C-8782-4A1E-8E98-E2E4DDCDB03E}"
EndProject
Project("{F2A71F9B-5D33-465A-A702-920D77279786}") = "ComposedSet.Tests", "tests\ComposedSet.Tests\ComposedSet.Tests.fsproj", "{47A1C1EE-B0A6-4554-BEF1-F8A3F70D0204}"
EndProject
Project("{F2A71F9B-5D33-465A-A702-920D77279786}") = "ComposedSetOfStrings", "tests\ComposedSetOfStrings\ComposedSetOfStrings.fsproj", "{A2F36E07-098D-473A-BB54-E51F06D5F6F0}"
EndProject
Global
	GlobalSection(SolutionConfigurationPlatforms) = preSolution
		Debug|Any CPU = Debug|Any CPU
		Release|Any CPU = Release|Any CPU
	EndGlobalSection
	GlobalSection(ProjectConfigurationPlatforms) = postSolution
		{87EF843C-8782-4A1E-8E98-E2E4DDCDB03E}.Debug|Any CPU.ActiveCfg = Debug|Any CPU
		{87EF843C-8782-4A1E-8E98-E2E4DDCDB03E}.Debug|Any CPU.Build.0 = Debug|Any CPU
		{87EF843C-8782-4A1E-8E98-E2E4DDCDB03E}.Release|Any CPU.ActiveCfg = Release|Any CPU
		{87EF843C-8782-4A1E-8E98-E2E4DDCDB03E}.Release|Any CPU.Build.0 = Release|Any CPU
		{47A1C1EE-B0A6-4554-BEF1-F8A3F70D0204}.Debug|Any CPU.ActiveCfg = Debug|Any CPU
		{47A1C1EE-B0A6-4554-BEF1-F8A3F70D0204}.Debug|Any CPU.Build.0 = Debug|Any CPU
		{47A1C1EE-B0A6-4554-BEF1-F8A3F70D0204}.Release|Any CPU.ActiveCfg = Release|Any CPU
		{47A1C1EE-B0A6-4554-BEF1-F8A3F70D0204}.Release|Any CPU.Build.0 = Release|Any CPU
		{A2F36E07-098D-473A-BB54-E51F06D5F6F0}.Debug|Any CPU.ActiveCfg = Debug|Any CPU
		{A2F36E07-098D-473A-BB54-E51F06D5F6F0}.Debug|Any CPU.Build.0 = Debug|Any CPU
		{A2F36E07-098D-473A-BB54-E51F06D5F6F0}.Release|Any CPU.ActiveCfg = Release|Any CPU
		{A2F36E07-098D-473A-BB54-E51F06D5F6F0}.Release|Any CPU.Build.0 = Release|Any CPU
	EndGlobalSection
	GlobalSection(SolutionProperties) = preSolution
		HideSolutionNode = FALSE
	EndGlobalSection
EndGlobal