Microsoft Visual Studio Solution File, Format Version 12.00
# Visual Studio 14
VisualStudioVersion = 14.0.24720.0
MinimumVisualStudioVersion = 10.0.40219.1
Project("{2150E333-8FDC-42A3-9474-1A3956D46DE8}") = ".paket", ".paket", "{63297B98-5CED-492C-A5B7-A5B4F73CF142}"
	ProjectSection(SolutionItems) = preProject
		paket.dependencies = paket.dependencies
		paket.lock = paket.lock
	EndProjectSection
EndProject
Project("{F2A71F9B-5D33-465A-A702-920D77279786}") = "ComposedSet", "src\ComposedSet\ComposedSet.fsproj", "{181BDFC4-24A7-4BB4-ACAD-323017A78E79}"
EndProject
Project("{2150E333-8FDC-42A3-9474-1A3956D46DE8}") = "project", "project", "{BF60BC93-E09B-4E5F-9D85-95A519479D54}"
	ProjectSection(SolutionItems) = preProject
		.travis.yml = .travis.yml
		build.fsx = build.fsx
		README.md = README.md
		RELEASE_NOTES.md = RELEASE_NOTES.md
	EndProjectSection
EndProject
Project("{2150E333-8FDC-42A3-9474-1A3956D46DE8}") = "tests", "tests", "{ED8079DD-2B06-4030-9F0F-DC548F98E1C4}"
EndProject
Project("{F2A71F9B-5D33-465A-A702-920D77279786}") = "ComposedSet.Tests", "tests\ComposedSet.Tests\ComposedSet.Tests.fsproj", "{0DC2A988-D8CB-4646-989F-A08F73E0A5E4}"
EndProject
Project("{F2A71F9B-5D33-465A-A702-920D77279786}") = "ComposedSetOfStrings", "tests\ComposedSetOfStrings\ComposedSetOfStrings.fsproj", "{9A7DEC6D-578B-4896-9042-B7E0F93EA15C}"
EndProject
Global
	GlobalSection(SolutionConfigurationPlatforms) = preSolution
		Debug|Any CPU = Debug|Any CPU
		Release|Any CPU = Release|Any CPU
	EndGlobalSection
	GlobalSection(ProjectConfigurationPlatforms) = postSolution
		{181BDFC4-24A7-4BB4-ACAD-323017A78E79}.Debug|Any CPU.ActiveCfg = Debug|Any CPU
		{181BDFC4-24A7-4BB4-ACAD-323017A78E79}.Debug|Any CPU.Build.0 = Debug|Any CPU
		{181BDFC4-24A7-4BB4-ACAD-323017A78E79}.Release|Any CPU.ActiveCfg = Release|Any CPU
		{181BDFC4-24A7-4BB4-ACAD-323017A78E79}.Release|Any CPU.Build.0 = Release|Any CPU
		{0DC2A988-D8CB-4646-989F-A08F73E0A5E4}.Debug|Any CPU.ActiveCfg = Debug|Any CPU
		{0DC2A988-D8CB-4646-989F-A08F73E0A5E4}.Debug|Any CPU.Build.0 = Debug|Any CPU
		{0DC2A988-D8CB-4646-989F-A08F73E0A5E4}.Release|Any CPU.ActiveCfg = Release|Any CPU
		{0DC2A988-D8CB-4646-989F-A08F73E0A5E4}.Release|Any CPU.Build.0 = Release|Any CPU
		{9A7DEC6D-578B-4896-9042-B7E0F93EA15C}.Debug|Any CPU.ActiveCfg = Debug|Any CPU
		{9A7DEC6D-578B-4896-9042-B7E0F93EA15C}.Debug|Any CPU.Build.0 = Debug|Any CPU
		{9A7DEC6D-578B-4896-9042-B7E0F93EA15C}.Release|Any CPU.ActiveCfg = Release|Any CPU
		{9A7DEC6D-578B-4896-9042-B7E0F93EA15C}.Release|Any CPU.Build.0 = Release|Any CPU
	EndGlobalSection
	GlobalSection(SolutionProperties) = preSolution
		HideSolutionNode = FALSE
	EndGlobalSection
	GlobalSection(NestedProjects) = preSolution
		{0DC2A988-D8CB-4646-989F-A08F73E0A5E4} = {ED8079DD-2B06-4030-9F0F-DC548F98E1C4}
		{9A7DEC6D-578B-4896-9042-B7E0F93EA15C} = {ED8079DD-2B06-4030-9F0F-DC548F98E1C4}
	EndGlobalSection
EndGlobal
